
Microsoft Visual Studio Solution File, Format Version 12.00
# Visual Studio Version 16
VisualStudioVersion = 16.0.34031.81
MinimumVisualStudioVersion = 10.0.40219.1
Project("{8BC9CEB8-8B4A-11D0-8D11-00A0C91BC942}") = "CongtouAlgorithm", "CongtouAlgorithm\CongtouAlgorithm.vcxproj", "{E9F339D2-F2FA-401C-A2B5-577C91FE37C9}"
EndProject
Project("{8BC9CEB8-8B4A-11D0-8D11-00A0C91BC942}") = "CongtouAlgorithm2", "CongtouAlgorithm2\CongtouAlgorithm2.vcxproj", "{85CC647F-228C-4C8D-ABF8-455122468B76}"
EndProject
Global
	GlobalSection(SolutionConfigurationPlatforms) = preSolution
		Debug|x64 = Debug|x64
		Debug|x86 = Debug|x86
		Release|x64 = Release|x64
		Release|x86 = Release|x86
	EndGlobalSection
	GlobalSection(ProjectConfigurationPlatforms) = postSolution
		{E9F339D2-F2FA-401C-A2B5-577C91FE37C9}.Debug|x64.ActiveCfg = Debug|x64
		{E9F339D2-F2FA-401C-A2B5-577C91FE37C9}.Debug|x64.Build.0 = Debug|x64
		{E9F339D2-F2FA-401C-A2B5-577C91FE37C9}.Debug|x86.ActiveCfg = Debug|Win32
		{E9F339D2-F2FA-401C-A2B5-577C91FE37C9}.Debug|x86.Build.0 = Debug|Win32
		{E9F339D2-F2FA-401C-A2B5-577C91FE37C9}.Release|x64.ActiveCfg = Release|x64
		{E9F339D2-F2FA-401C-A2B5-577C91FE37C9}.Release|x64.Build.0 = Release|x64
		{E9F339D2-F2FA-401C-A2B5-577C91FE37C9}.Release|x86.ActiveCfg = Release|Win32
		{E9F339D2-F2FA-401C-A2B5-577C91FE37C9}.Release|x86.Build.0 = Release|Win32
		{85CC647F-228C-4C8D-ABF8-455122468B76}.Debug|x64.ActiveCfg = Debug|x64
		{85CC647F-228C-4C8D-ABF8-455122468B76}.Debug|x64.Build.0 = Debug|x64
		{85CC647F-228C-4C8D-ABF8-455122468B76}.Debug|x86.ActiveCfg = Debug|Win32
		{85CC647F-228C-4C8D-ABF8-455122468B76}.Debug|x86.Build.0 = Debug|Win32
		{85CC647F-228C-4C8D-ABF8-455122468B76}.Release|x64.ActiveCfg = Release|x64
		{85CC647F-228C-4C8D-ABF8-455122468B76}.Release|x64.Build.0 = Release|x64
		{85CC647F-228C-4C8D-ABF8-455122468B76}.Release|x86.ActiveCfg = Release|Win32
		{85CC647F-228C-4C8D-ABF8-455122468B76}.Release|x86.Build.0 = Release|Win32
	EndGlobalSection
	GlobalSection(SolutionProperties) = preSolution
		HideSolutionNode = FALSE
	EndGlobalSection
	GlobalSection(ExtensibilityGlobals) = postSolution
		SolutionGuid = {59679FD4-3AD2-41D4-BF57-8CFD64E0E163}
	EndGlobalSection
EndGlobal
