<?xml version="1.0" encoding="utf-8"?>
<Project ToolsVersion="4.0" xmlns="http://schemas.microsoft.com/developer/msbuild/2003">
  <ItemGroup>
    <Filter Include="源文件">
      <UniqueIdentifier>{4FC737F1-C7A5-4376-A066-2A32D752A2FF}</UniqueIdentifier>
      <Extensions>cpp;c;cc;cxx;c++;cppm;ixx;def;odl;idl;hpj;bat;asm;asmx</Extensions>
    </Filter>
    <Filter Include="头文件">
      <UniqueIdentifier>{93995380-89BD-4b04-88EB-625FBE52EBFB}</UniqueIdentifier>
      <Extensions>h;hh;hpp;hxx;h++;hm;inl;inc;ipp;xsd</Extensions>
    </Filter>
    <Filter Include="资源文件">
      <UniqueIdentifier>{67DA6AB6-F800-4c08-8B7A-83BB121AAD01}</UniqueIdentifier>
      <Extensions>rc;ico;cur;bmp;dlg;rc2;rct;bin;rgs;gif;jpg;jpeg;jpe;resx;tiff;tif;png;wav;mfcribbon-ms</Extensions>
    </Filter>
    <Filter Include="源文件\Ch1.数组">
      <UniqueIdentifier>{cc241d7d-3410-44ff-bb4b-3206bd6364a6}</UniqueIdentifier>
    </Filter>
    <Filter Include="源文件\Ch2.链表">
      <UniqueIdentifier>{6e091623-7b05-4ce9-b90e-4a3a4352e52b}</UniqueIdentifier>
    </Filter>
    <Filter Include="源文件\Ch3.哈希表">
      <UniqueIdentifier>{4f5214f0-5097-4798-ac9b-2b66ac549846}</UniqueIdentifier>
    </Filter>
    <Filter Include="源文件\Ch4.字符串">
      <UniqueIdentifier>{9fcbcd81-0628-4d26-b7d5-9ee4cc29e084}</UniqueIdentifier>
    </Filter>
    <Filter Include="源文件\Ch5.栈与队列">
      <UniqueIdentifier>{ba4cf389-b114-4077-94a4-3d7d0b3efbad}</UniqueIdentifier>
    </Filter>
    <Filter Include="源文件\Ch6.二叉树">
      <UniqueIdentifier>{7420bfde-0600-4ff4-b1eb-f64e1937b275}</UniqueIdentifier>
    </Filter>
    <Filter Include="源文件\Ch7.回溯算法">
      <UniqueIdentifier>{d919be93-37d2-4e23-96da-1daeeb8bc8f5}</UniqueIdentifier>
    </Filter>
    <Filter Include="源文件\Ch8.贪心算法">
      <UniqueIdentifier>{b341c473-1b46-46b6-9055-aa0d27db3f43}</UniqueIdentifier>
    </Filter>
    <Filter Include="源文件\Ch9.动态规划">
      <UniqueIdentifier>{6b786662-8850-4f32-9674-659efec26745}</UniqueIdentifier>
    </Filter>
    <Filter Include="源文件\复习">
      <UniqueIdentifier>{2d7de02e-3a9e-4efa-bb69-dbc793d15f06}</UniqueIdentifier>
    </Filter>
    <Filter Include="源文件\复习\动态规划：子序列相关">
      <UniqueIdentifier>{15edc677-87e7-43c1-b954-4b6d056bbe3b}</UniqueIdentifier>
    </Filter>
    <Filter Include="源文件\ACM输入输出">
      <UniqueIdentifier>{3b91d38a-afea-4333-81ee-5fb5dc014090}</UniqueIdentifier>
    </Filter>
  </ItemGroup>
  <ItemGroup>
    <ClCompile Include="数组：1.二分查找法.cpp">
      <Filter>源文件\Ch1.数组</Filter>
    </ClCompile>
    <ClCompile Include="数组：2.移除元素.cpp">
      <Filter>源文件\Ch1.数组</Filter>
    </ClCompile>
    <ClCompile Include="数组：3.有序数组的平方.cpp">
      <Filter>源文件\Ch1.数组</Filter>
    </ClCompile>
    <ClCompile Include="数组：4.长度最小子数组.cpp">
      <Filter>源文件\Ch1.数组</Filter>
    </ClCompile>
    <ClCompile Include="数组：5.螺旋矩阵.cpp">
      <Filter>源文件\Ch1.数组</Filter>
    </ClCompile>
    <ClCompile Include="链表：1.删除链表元素.cpp">
      <Filter>源文件\Ch2.链表</Filter>
    </ClCompile>
    <ClCompile Include="链表：2.设计链表.cpp">
      <Filter>源文件\Ch2.链表</Filter>
    </ClCompile>
    <ClCompile Include="链表：3.翻转链表.cpp">
      <Filter>源文件\Ch2.链表</Filter>
    </ClCompile>
    <ClCompile Include="链表：4.两两交换链表中的节点.cpp">
      <Filter>源文件\Ch2.链表</Filter>
    </ClCompile>
    <ClCompile Include="链表：5.删除链表的倒数第N个节点.cpp">
      <Filter>源文件\Ch2.链表</Filter>
    </ClCompile>
    <ClCompile Include="链表：6.链表相交.cpp">
      <Filter>源文件\Ch2.链表</Filter>
    </ClCompile>
    <ClCompile Include="链表：7.环形链表.cpp">
      <Filter>源文件\Ch2.链表</Filter>
    </ClCompile>
    <ClCompile Include="哈希表：1.有效的字母异位词.cpp">
      <Filter>源文件\Ch3.哈希表</Filter>
    </ClCompile>
    <ClCompile Include="哈希表：2.两个数组的交集.cpp">
      <Filter>源文件\Ch3.哈希表</Filter>
    </ClCompile>
    <ClCompile Include="哈希表：3.快乐数.cpp">
      <Filter>源文件\Ch3.哈希表</Filter>
    </ClCompile>
    <ClCompile Include="哈希表：4.两数之和.cpp">
      <Filter>源文件\Ch3.哈希表</Filter>
    </ClCompile>
    <ClCompile Include="哈希表：5.四数相加2.cpp">
      <Filter>源文件\Ch3.哈希表</Filter>
    </ClCompile>
    <ClCompile Include="哈希表：6.赎金信.cpp">
      <Filter>源文件\Ch3.哈希表</Filter>
    </ClCompile>
    <ClCompile Include="哈希表：7.三数之和.cpp">
      <Filter>源文件\Ch3.哈希表</Filter>
    </ClCompile>
    <ClCompile Include="哈希表：8.四数之和.cpp">
      <Filter>源文件\Ch3.哈希表</Filter>
    </ClCompile>
    <ClCompile Include="字符串：1.反转字符串.cpp">
      <Filter>源文件\Ch4.字符串</Filter>
    </ClCompile>
    <ClCompile Include="字符串：2.反转字符串2.cpp">
      <Filter>源文件\Ch4.字符串</Filter>
    </ClCompile>
    <ClCompile Include="字符串：3.替换数字.cpp">
      <Filter>源文件\Ch4.字符串</Filter>
    </ClCompile>
    <ClCompile Include="字符串：4.翻转字符串里的单词.cpp">
      <Filter>源文件\Ch4.字符串</Filter>
    </ClCompile>
    <ClCompile Include="字符串：5.右旋字符串.cpp">
      <Filter>源文件\Ch4.字符串</Filter>
    </ClCompile>
    <ClCompile Include="字符串：6.找出字符串中第一个匹配项的下标 KMP.cpp">
      <Filter>源文件\Ch4.字符串</Filter>
    </ClCompile>
    <ClCompile Include="字符串：7.重复的子字符串.cpp">
      <Filter>源文件\Ch4.字符串</Filter>
    </ClCompile>
    <ClCompile Include="栈与队列：1.用栈实现队列.cpp">
      <Filter>源文件\Ch5.栈与队列</Filter>
    </ClCompile>
    <ClCompile Include="栈与队列：2.用队列实现栈.cpp">
      <Filter>源文件\Ch5.栈与队列</Filter>
    </ClCompile>
    <ClCompile Include="栈与队列：3.有效的括号.cpp">
      <Filter>源文件\Ch5.栈与队列</Filter>
    </ClCompile>
    <ClCompile Include="栈与队列：4.删除字符串中的所有相邻重复项.cpp">
      <Filter>源文件\Ch5.栈与队列</Filter>
    </ClCompile>
    <ClCompile Include="栈与队列：5.逆波兰表达式求值.cpp">
      <Filter>源文件\Ch5.栈与队列</Filter>
    </ClCompile>
    <ClCompile Include="栈与队列：6.滑动窗口最大值.cpp">
      <Filter>源文件\Ch5.栈与队列</Filter>
    </ClCompile>
    <ClCompile Include="栈与队列：7.前k个高频元素.cpp">
      <Filter>源文件\Ch5.栈与队列</Filter>
    </ClCompile>
    <ClCompile Include="二叉树：1.二叉树的递归遍历.cpp">
      <Filter>源文件\Ch6.二叉树</Filter>
    </ClCompile>
    <ClCompile Include="二叉树：2.二叉树的迭代遍历.cpp">
      <Filter>源文件\Ch6.二叉树</Filter>
    </ClCompile>
    <ClCompile Include="二叉树：3.二叉树层序遍历.cpp">
      <Filter>源文件\Ch6.二叉树</Filter>
    </ClCompile>
    <ClCompile Include="二叉树：4.翻转二叉树.cpp">
      <Filter>源文件\Ch6.二叉树</Filter>
    </ClCompile>
    <ClCompile Include="二叉树：5.对称二叉树.cpp">
      <Filter>源文件\Ch6.二叉树</Filter>
    </ClCompile>
    <ClCompile Include="二叉树：6.二叉树的最大深度.cpp">
      <Filter>源文件\Ch6.二叉树</Filter>
    </ClCompile>
    <ClCompile Include="二叉树：7.二叉树的最小深度.cpp">
      <Filter>源文件\Ch6.二叉树</Filter>
    </ClCompile>
    <ClCompile Include="二叉树：8.完全二叉树的节点个数.cpp">
      <Filter>源文件\Ch6.二叉树</Filter>
    </ClCompile>
    <ClCompile Include="二叉树：9.判断平衡二叉树.cpp">
      <Filter>源文件\Ch6.二叉树</Filter>
    </ClCompile>
    <ClCompile Include="二叉树：10.二叉树的所有路径.cpp">
      <Filter>源文件\Ch6.二叉树</Filter>
    </ClCompile>
    <ClCompile Include="二叉树：11.左叶子之和.cpp">
      <Filter>源文件\Ch6.二叉树</Filter>
    </ClCompile>
    <ClCompile Include="二叉树：12.找到左下角的值.cpp">
      <Filter>源文件\Ch6.二叉树</Filter>
    </ClCompile>
    <ClCompile Include="二叉树：13.路径总和.cpp">
      <Filter>源文件\Ch6.二叉树</Filter>
    </ClCompile>
    <ClCompile Include="二叉树：14.从中序与后序遍历序列构造二叉树.cpp">
      <Filter>源文件\Ch6.二叉树</Filter>
    </ClCompile>
    <ClCompile Include="二叉树：15.最大二叉树.cpp">
      <Filter>源文件\Ch6.二叉树</Filter>
    </ClCompile>
    <ClCompile Include="二叉树：16.合并二叉树.cpp">
      <Filter>源文件\Ch6.二叉树</Filter>
    </ClCompile>
    <ClCompile Include="二叉树：17.二叉搜索树中的搜索.cpp">
      <Filter>源文件\Ch6.二叉树</Filter>
    </ClCompile>
    <ClCompile Include="二叉树：18.验证二叉搜索树.cpp">
      <Filter>源文件\Ch6.二叉树</Filter>
    </ClCompile>
    <ClCompile Include="二叉树：19.二叉搜索树的最小绝对差.cpp">
      <Filter>源文件\Ch6.二叉树</Filter>
    </ClCompile>
    <ClCompile Include="二叉树：20.二叉搜索树中的众数.cpp">
      <Filter>源文件\Ch6.二叉树</Filter>
    </ClCompile>
    <ClCompile Include="二叉树：21.二叉树的最近公共祖先.cpp">
      <Filter>源文件\Ch6.二叉树</Filter>
    </ClCompile>
    <ClCompile Include="二叉树：22.二叉搜索树的最近公共祖先.cpp">
      <Filter>源文件\Ch6.二叉树</Filter>
    </ClCompile>
    <ClCompile Include="二叉树：23.二叉树搜索树中的插入操作.cpp">
      <Filter>源文件\Ch6.二叉树</Filter>
    </ClCompile>
    <ClCompile Include="二叉树：24.删除二叉搜索树中的节点.cpp">
      <Filter>源文件\Ch6.二叉树</Filter>
    </ClCompile>
    <ClCompile Include="二叉树：25.修剪二叉树.cpp">
      <Filter>源文件\Ch6.二叉树</Filter>
    </ClCompile>
    <ClCompile Include="二叉树：26.将有序数组转换为二叉搜索树.cpp">
      <Filter>源文件\Ch6.二叉树</Filter>
    </ClCompile>
    <ClCompile Include="二叉树：27.把二叉搜索树转换为累加树.cpp">
      <Filter>源文件\Ch6.二叉树</Filter>
    </ClCompile>
    <ClCompile Include="main.cpp">
      <Filter>源文件</Filter>
    </ClCompile>
    <ClCompile Include="回溯算法：1.组合问题.cpp">
      <Filter>源文件\Ch7.回溯算法</Filter>
    </ClCompile>
    <ClCompile Include="回溯算法：2.组合问题优化.cpp">
      <Filter>源文件\Ch7.回溯算法</Filter>
    </ClCompile>
    <ClCompile Include="回溯算法：3.组合总和.cpp">
      <Filter>源文件\Ch7.回溯算法</Filter>
    </ClCompile>
    <ClCompile Include="回溯算法：4.电话号码的字母组合.cpp">
      <Filter>源文件\Ch7.回溯算法</Filter>
    </ClCompile>
    <ClCompile Include="回溯算法：5.组合总和.cpp">
      <Filter>源文件\Ch7.回溯算法</Filter>
    </ClCompile>
    <ClCompile Include="回溯算法：6.组合总和2.cpp">
      <Filter>源文件\Ch7.回溯算法</Filter>
    </ClCompile>
    <ClCompile Include="回溯算法：7.分割回文串.cpp">
      <Filter>源文件\Ch7.回溯算法</Filter>
    </ClCompile>
    <ClCompile Include="回溯算法：8.复原IP地址.cpp">
      <Filter>源文件\Ch7.回溯算法</Filter>
    </ClCompile>
    <ClCompile Include="回溯算法：9.组合.cpp">
      <Filter>源文件\Ch7.回溯算法</Filter>
    </ClCompile>
    <ClCompile Include="回溯算法：10.组合2.cpp">
      <Filter>源文件\Ch7.回溯算法</Filter>
    </ClCompile>
    <ClCompile Include="回溯算法：11.递增子序列.cpp">
      <Filter>源文件\Ch7.回溯算法</Filter>
    </ClCompile>
    <ClCompile Include="回溯算法：12.全排列.cpp">
      <Filter>源文件\Ch7.回溯算法</Filter>
    </ClCompile>
    <ClCompile Include="回溯算法：13.全排列2.cpp">
      <Filter>源文件\Ch7.回溯算法</Filter>
    </ClCompile>
    <ClCompile Include="回溯算法：14.N皇后.cpp">
      <Filter>源文件\Ch7.回溯算法</Filter>
    </ClCompile>
    <ClCompile Include="回溯算法：15.解数独.cpp">
      <Filter>源文件\Ch7.回溯算法</Filter>
    </ClCompile>
    <ClCompile Include="贪心算法：1.分发饼干.cpp">
      <Filter>源文件\Ch8.贪心算法</Filter>
    </ClCompile>
    <ClCompile Include="贪心算法：2.摆动序列.cpp">
      <Filter>源文件\Ch8.贪心算法</Filter>
    </ClCompile>
    <ClCompile Include="动态规划：1.斐波那契数.cpp">
      <Filter>源文件\Ch9.动态规划</Filter>
    </ClCompile>
    <ClCompile Include="动态规划：2.爬楼梯.cpp">
      <Filter>源文件\Ch9.动态规划</Filter>
    </ClCompile>
    <ClCompile Include="动态规划：3.使用最小花费爬楼梯.cpp">
      <Filter>源文件\Ch9.动态规划</Filter>
    </ClCompile>
    <ClCompile Include="动态规划：4.不同路径.cpp">
      <Filter>源文件\Ch9.动态规划</Filter>
    </ClCompile>
    <ClCompile Include="动态规划：5.不同路径2.cpp">
      <Filter>源文件\Ch9.动态规划</Filter>
    </ClCompile>
    <ClCompile Include="动态规划：6.整数拆分.cpp">
      <Filter>源文件\Ch9.动态规划</Filter>
    </ClCompile>
    <ClCompile Include="动态规划：7.不同的二叉搜索树.cpp">
      <Filter>源文件\Ch9.动态规划</Filter>
    </ClCompile>
    <ClCompile Include="动态规划：0-1背包理论基础.cpp">
      <Filter>源文件\Ch9.动态规划</Filter>
    </ClCompile>
    <ClCompile Include="动态规划：0-1背包理论基础2.cpp">
      <Filter>源文件\Ch9.动态规划</Filter>
    </ClCompile>
    <ClCompile Include="动态规划：8.分割等和子集.cpp">
      <Filter>源文件\Ch9.动态规划</Filter>
    </ClCompile>
    <ClCompile Include="动态规划：9.最后一块石头的重量2.cpp">
      <Filter>源文件\Ch9.动态规划</Filter>
    </ClCompile>
    <ClCompile Include="动态规划：10.目标和.cpp">
      <Filter>源文件\Ch9.动态规划</Filter>
    </ClCompile>
    <ClCompile Include="动态规划：11.零和一.cpp">
      <Filter>源文件\Ch9.动态规划</Filter>
    </ClCompile>
    <ClCompile Include="动态规划：12.零钱兑换II.cpp">
      <Filter>源文件\Ch9.动态规划</Filter>
    </ClCompile>
    <ClCompile Include="动态规划：13.组合总和IV.cpp">
      <Filter>源文件\Ch9.动态规划</Filter>
    </ClCompile>
    <ClCompile Include="动态规划：14.零钱兑换.cpp">
      <Filter>源文件\Ch9.动态规划</Filter>
    </ClCompile>
    <ClCompile Include="动态规划：15.完全平方数.cpp">
      <Filter>源文件\Ch9.动态规划</Filter>
    </ClCompile>
    <ClCompile Include="动态规划：16.单词拆分.cpp">
      <Filter>源文件\Ch9.动态规划</Filter>
    </ClCompile>
    <ClCompile Include="动态规划：27.最长递增连续子序列.cpp">
      <Filter>源文件\Ch9.动态规划</Filter>
    </ClCompile>
    <ClCompile Include="动态规划：17.打家劫舍.cpp">
      <Filter>源文件\Ch9.动态规划</Filter>
    </ClCompile>
    <ClCompile Include="动态规划：19.打家劫舍II.cpp">
      <Filter>源文件\Ch9.动态规划</Filter>
    </ClCompile>
    <ClCompile Include="动态规划：18.打家劫舍III.cpp">
      <Filter>源文件\Ch9.动态规划</Filter>
    </ClCompile>
    <ClCompile Include="动态规划：20.买卖股票的最佳时机.cpp">
      <Filter>源文件\Ch9.动态规划</Filter>
    </ClCompile>
    <ClCompile Include="动态规划：21.买卖股票的最佳时机II.cpp">
      <Filter>源文件\Ch9.动态规划</Filter>
    </ClCompile>
    <ClCompile Include="动态规划：22.买卖股票的最佳时机III.cpp">
      <Filter>源文件\Ch9.动态规划</Filter>
    </ClCompile>
    <ClCompile Include="动态规划：23.买股票的最佳时机IV.cpp">
      <Filter>源文件\Ch9.动态规划</Filter>
    </ClCompile>
    <ClCompile Include="动态规划：26.最长递增子序列.cpp">
      <Filter>源文件\Ch9.动态规划</Filter>
    </ClCompile>
    <ClCompile Include="动态规划：28.最长重复子数组.cpp">
      <Filter>源文件\Ch9.动态规划</Filter>
    </ClCompile>
    <ClCompile Include="动态规划：29.最长公共子序列.cpp">
      <Filter>源文件\Ch9.动态规划</Filter>
    </ClCompile>
    <ClCompile Include="动态规划：30.不相交的线.cpp">
      <Filter>源文件\Ch9.动态规划</Filter>
    </ClCompile>
    <ClCompile Include="动态规划：31.最大子数组和.cpp">
      <Filter>源文件\Ch9.动态规划</Filter>
    </ClCompile>
    <ClCompile Include="动态规划：32.判断子序列.cpp">
      <Filter>源文件\Ch9.动态规划</Filter>
    </ClCompile>
    <ClCompile Include="动态规划：33.不同的子序列.cpp">
      <Filter>源文件\Ch9.动态规划</Filter>
    </ClCompile>
    <ClCompile Include="1.最长递增子序列.cpp">
      <Filter>源文件\复习\动态规划：子序列相关</Filter>
    </ClCompile>
    <ClCompile Include="2.最长连续递增序列.cpp">
      <Filter>源文件\复习\动态规划：子序列相关</Filter>
    </ClCompile>
    <ClCompile Include="3.最长重复子数组.cpp">
      <Filter>源文件\复习\动态规划：子序列相关</Filter>
    </ClCompile>
    <ClCompile Include="4.最长公共子序列.cpp">
      <Filter>源文件\复习\动态规划：子序列相关</Filter>
    </ClCompile>
    <ClCompile Include="5.最大子序和.cpp">
      <Filter>源文件\复习\动态规划：子序列相关</Filter>
    </ClCompile>
    <ClCompile Include="6.判断子序列.cpp">
      <Filter>源文件\复习\动态规划：子序列相关</Filter>
    </ClCompile>
    <ClCompile Include="8.两个字符串的删除操作.cpp">
      <Filter>源文件\复习\动态规划：子序列相关</Filter>
    </ClCompile>
    <ClCompile Include="7.不同的子序列.cpp">
      <Filter>源文件\复习\动态规划：子序列相关</Filter>
    </ClCompile>
    <ClCompile Include="输入字符串练习.cpp">
      <Filter>源文件\ACM输入输出</Filter>
    </ClCompile>
    <ClCompile Include="优先队列练习.cpp">
      <Filter>源文件\ACM输入输出</Filter>
    </ClCompile>
    <ClCompile Include="手撕快排.cpp">
      <Filter>源文件\ACM输入输出</Filter>
    </ClCompile>
    <ClCompile Include="动态规划：34.编辑距离.cpp">
      <Filter>源文件\Ch9.动态规划</Filter>
    </ClCompile>
    <ClCompile Include="动态规划：35.回文子串.cpp">
      <Filter>源文件\Ch9.动态规划</Filter>
    </ClCompile>
    <ClCompile Include="动态规划：36.最长回文子序列.cpp">
      <Filter>源文件\Ch9.动态规划</Filter>
    </ClCompile>
  </ItemGroup>
  <ItemGroup>
    <ClInclude Include="Cong.h">
      <Filter>头文件</Filter>
    </ClInclude>
  </ItemGroup>
</Project>